
Microsoft Visual Studio Solution File, Format Version 12.00
# Visual Studio 2013
VisualStudioVersion = 12.0.31101.0
MinimumVisualStudioVersion = 10.0.40219.1
Project("{8BC9CEB8-8B4A-11D0-8D11-00A0C91BC942}") = "opensea-common", "opensea-common\opensea-common.vcxproj", "{FBCBA2F1-3BF8-4A25-B815-E228E1AEDCFF}"
EndProject
Global
	GlobalSection(SolutionConfigurationPlatforms) = preSolution
		Debug|Win32 = Debug|Win32
		Debug|x64 = Debug|x64
		Release|Win32 = Release|Win32
		Release|x64 = Release|x64
		Static-Debug|Win32 = Static-Debug|Win32
		Static-Debug|x64 = Static-Debug|x64
		Static-Release|Win32 = Static-Release|Win32
		Static-Release|x64 = Static-Release|x64
	EndGlobalSection
	GlobalSection(ProjectConfigurationPlatforms) = postSolution
		{FBCBA2F1-3BF8-4A25-B815-E228E1AEDCFF}.Debug|Win32.ActiveCfg = Debug|Win32
		{FBCBA2F1-3BF8-4A25-B815-E228E1AEDCFF}.Debug|Win32.Build.0 = Debug|Win32
		{FBCBA2F1-3BF8-4A25-B815-E228E1AEDCFF}.Debug|x64.ActiveCfg = Debug|x64
		{FBCBA2F1-3BF8-4A25-B815-E228E1AEDCFF}.Debug|x64.Build.0 = Debug|x64
		{FBCBA2F1-3BF8-4A25-B815-E228E1AEDCFF}.Release|Win32.ActiveCfg = Release|Win32
		{FBCBA2F1-3BF8-4A25-B815-E228E1AEDCFF}.Release|Win32.Build.0 = Release|Win32
		{FBCBA2F1-3BF8-4A25-B815-E228E1AEDCFF}.Release|x64.ActiveCfg = Release|x64
		{FBCBA2F1-3BF8-4A25-B815-E228E1AEDCFF}.Release|x64.Build.0 = Release|x64
		{FBCBA2F1-3BF8-4A25-B815-E228E1AEDCFF}.Static-Debug|Win32.ActiveCfg = Static-Debug|Win32
		{FBCBA2F1-3BF8-4A25-B815-E228E1AEDCFF}.Static-Debug|Win32.Build.0 = Static-Debug|Win32
		{FBCBA2F1-3BF8-4A25-B815-E228E1AEDCFF}.Static-Debug|x64.ActiveCfg = Static-Debug|x64
		{FBCBA2F1-3BF8-4A25-B815-E228E1AEDCFF}.Static-Debug|x64.Build.0 = Static-Debug|x64
		{FBCBA2F1-3BF8-4A25-B815-E228E1AEDCFF}.Static-Release|Win32.ActiveCfg = Static-Release|Win32
		{FBCBA2F1-3BF8-4A25-B815-E228E1AEDCFF}.Static-Release|Win32.Build.0 = Static-Release|Win32
		{FBCBA2F1-3BF8-4A25-B815-E228E1AEDCFF}.Static-Release|x64.ActiveCfg = Static-Release|x64
		{FBCBA2F1-3BF8-4A25-B815-E228E1AEDCFF}.Static-Release|x64.Build.0 = Static-Release|x64
	EndGlobalSection
	GlobalSection(SolutionProperties) = preSolution
		HideSolutionNode = FALSE
	EndGlobalSection
EndGlobal
